// !$*UTF8*$!
{
	archiveVersion = 1;
	classes = {
	};
	objectVersion = 55;
	objects = {

/* Begin PBXBuildFile section */
		304A066A28E37CF6008B9A49 /* main.swift in Sources */ = {isa = PBXBuildFile; fileRef = 304A066928E37CF6008B9A49 /* main.swift */; };
		304A067128E37DBC008B9A49 /* SumOfTwoElementsInArrayEqualtoTarget.swift in Sources */ = {isa = PBXBuildFile; fileRef = 304A067028E37DBC008B9A49 /* SumOfTwoElementsInArrayEqualtoTarget.swift */; };
		304A067328E386B2008B9A49 /* MostRepetingNumberInArray.swift in Sources */ = {isa = PBXBuildFile; fileRef = 304A067228E386B2008B9A49 /* MostRepetingNumberInArray.swift */; };
		304A067528E39419008B9A49 /* ReverseString.swift in Sources */ = {isa = PBXBuildFile; fileRef = 304A067428E39419008B9A49 /* ReverseString.swift */; };
		304A067728E39680008B9A49 /* Fibonacci .swift in Sources */ = {isa = PBXBuildFile; fileRef = 304A067628E39680008B9A49 /* Fibonacci .swift */; };
/* End PBXBuildFile section */

/* Begin PBXCopyFilesBuildPhase section */
		304A066428E37CF6008B9A49 /* CopyFiles */ = {
			isa = PBXCopyFilesBuildPhase;
			buildActionMask = 2147483647;
			dstPath = /usr/share/man/man1/;
			dstSubfolderSpec = 0;
			files = (
			);
			runOnlyForDeploymentPostprocessing = 1;
		};
/* End PBXCopyFilesBuildPhase section */

/* Begin PBXFileReference section */
		304A066628E37CF6008B9A49 /* SwiftDSAlgo */ = {isa = PBXFileReference; explicitFileType = "compiled.mach-o.executable"; includeInIndex = 0; path = SwiftDSAlgo; sourceTree = BUILT_PRODUCTS_DIR; };
		304A066928E37CF6008B9A49 /* main.swift */ = {isa = PBXFileReference; lastKnownFileType = sourcecode.swift; path = main.swift; sourceTree = "<group>"; };
		304A067028E37DBC008B9A49 /* SumOfTwoElementsInArrayEqualtoTarget.swift */ = {isa = PBXFileReference; lastKnownFileType = sourcecode.swift; path = SumOfTwoElementsInArrayEqualtoTarget.swift; sourceTree = "<group>"; };
		304A067228E386B2008B9A49 /* MostRepetingNumberInArray.swift */ = {isa = PBXFileReference; lastKnownFileType = sourcecode.swift; path = MostRepetingNumberInArray.swift; sourceTree = "<group>"; };
		304A067428E39419008B9A49 /* ReverseString.swift */ = {isa = PBXFileReference; lastKnownFileType = sourcecode.swift; path = ReverseString.swift; sourceTree = "<group>"; };
		304A067628E39680008B9A49 /* Fibonacci .swift */ = {isa = PBXFileReference; lastKnownFileType = sourcecode.swift; path = "Fibonacci .swift"; sourceTree = "<group>"; };
/* End PBXFileReference section */

/* Begin PBXFrameworksBuildPhase section */
		304A066328E37CF6008B9A49 /* Frameworks */ = {
			isa = PBXFrameworksBuildPhase;
			buildActionMask = 2147483647;
			files = (
			);
			runOnlyForDeploymentPostprocessing = 0;
		};
/* End PBXFrameworksBuildPhase section */

/* Begin PBXGroup section */
		304A065D28E37CF6008B9A49 = {
			isa = PBXGroup;
			children = (
				304A066828E37CF6008B9A49 /* SwiftDSAlgo */,
				304A066728E37CF6008B9A49 /* Products */,
			);
			sourceTree = "<group>";
		};
		304A066728E37CF6008B9A49 /* Products */ = {
			isa = PBXGroup;
			children = (
				304A066628E37CF6008B9A49 /* SwiftDSAlgo */,
			);
			name = Products;
			sourceTree = "<group>";
		};
		304A066828E37CF6008B9A49 /* SwiftDSAlgo */ = {
			isa = PBXGroup;
			children = (
				304A066928E37CF6008B9A49 /* main.swift */,
				304A067628E39680008B9A49 /* Fibonacci .swift */,
				304A067028E37DBC008B9A49 /* SumOfTwoElementsInArrayEqualtoTarget.swift */,
				304A067228E386B2008B9A49 /* MostRepetingNumberInArray.swift */,
				304A067428E39419008B9A49 /* ReverseString.swift */,
			);
			path = SwiftDSAlgo;
			sourceTree = "<group>";
		};
/* End PBXGroup section */

/* Begin PBXNativeTarget section */
		304A066528E37CF6008B9A49 /* SwiftDSAlgo */ = {
			isa = PBXNativeTarget;
			buildConfigurationList = 304A066D28E37CF6008B9A49 /* Build configuration list for PBXNativeTarget "SwiftDSAlgo" */;
			buildPhases = (
				304A066228E37CF6008B9A49 /* Sources */,
				304A066328E37CF6008B9A49 /* Frameworks */,
				304A066428E37CF6008B9A49 /* CopyFiles */,
			);
			buildRules = (
			);
			dependencies = (
			);
			name = SwiftDSAlgo;
			productName = SwiftDSAlgo;
			productReference = 304A066628E37CF6008B9A49 /* SwiftDSAlgo */;
			productType = "com.apple.product-type.tool";
		};
/* End PBXNativeTarget section */

/* Begin PBXProject section */
		304A065E28E37CF6008B9A49 /* Project object */ = {
			isa = PBXProject;
			attributes = {
				BuildIndependentTargetsInParallel = 1;
				LastSwiftUpdateCheck = 1310;
				LastUpgradeCheck = 1310;
				TargetAttributes = {
					304A066528E37CF6008B9A49 = {
						CreatedOnToolsVersion = 13.1;
					};
				};
			};
			buildConfigurationList = 304A066128E37CF6008B9A49 /* Build configuration list for PBXProject "SwiftDSAlgo" */;
			compatibilityVersion = "Xcode 13.0";
			developmentRegion = en;
			hasScannedForEncodings = 0;
			knownRegions = (
				en,
				Base,
			);
			mainGroup = 304A065D28E37CF6008B9A49;
			productRefGroup = 304A066728E37CF6008B9A49 /* Products */;
			projectDirPath = "";
			projectRoot = "";
			targets = (
				304A066528E37CF6008B9A49 /* SwiftDSAlgo */,
			);
		};
/* End PBXProject section */

/* Begin PBXSourcesBuildPhase section */
		304A066228E37CF6008B9A49 /* Sources */ = {
			isa = PBXSourcesBuildPhase;
			buildActionMask = 2147483647;
			files = (
				304A067328E386B2008B9A49 /* MostRepetingNumberInArray.swift in Sources */,
				304A067528E39419008B9A49 /* ReverseString.swift in Sources */,
				304A067728E39680008B9A49 /* Fibonacci .swift in Sources */,
				304A067128E37DBC008B9A49 /* SumOfTwoElementsInArrayEqualtoTarget.swift in Sources */,
				304A066A28E37CF6008B9A49 /* main.swift in Sources */,
			);
			runOnlyForDeploymentPostprocessing = 0;
		};
/* End PBXSourcesBuildPhase section */

/* Begin XCBuildConfiguration section */
		304A066B28E37CF6008B9A49 /* Debug */ = {
			isa = XCBuildConfiguration;
			buildSettings = {
				ALWAYS_SEARCH_USER_PATHS = NO;
				CLANG_ANALYZER_NONNULL = YES;
				CLANG_ANALYZER_NUMBER_OBJECT_CONVERSION = YES_AGGRESSIVE;
				CLANG_CXX_LANGUAGE_STANDARD = "gnu++17";
				CLANG_CXX_LIBRARY = "libc++";
				CLANG_ENABLE_MODULES = YES;
				CLANG_ENABLE_OBJC_ARC = YES;
				CLANG_ENABLE_OBJC_WEAK = YES;
				CLANG_WARN_BLOCK_CAPTURE_AUTORELEASING = YES;
				CLANG_WARN_BOOL_CONVERSION = YES;
				CLANG_WARN_COMMA = YES;
				CLANG_WARN_CONSTANT_CONVERSION = YES;
				CLANG_WARN_DEPRECATED_OBJC_IMPLEMENTATIONS = YES;
				CLANG_WARN_DIRECT_OBJC_ISA_USAGE = YES_ERROR;
				CLANG_WARN_DOCUMENTATION_COMMENTS = YES;
				CLANG_WARN_EMPTY_BODY = YES;
				CLANG_WARN_ENUM_CONVERSION = YES;
				CLANG_WARN_INFINITE_RECURSION = YES;
				CLANG_WARN_INT_CONVERSION = YES;
				CLANG_WARN_NON_LITERAL_NULL_CONVERSION = YES;
				CLANG_WARN_OBJC_IMPLICIT_RETAIN_SELF = YES;
				CLANG_WARN_OBJC_LITERAL_CONVERSION = YES;
				CLANG_WARN_OBJC_ROOT_CLASS = YES_ERROR;
				CLANG_WARN_QUOTED_INCLUDE_IN_FRAMEWORK_HEADER = YES;
				CLANG_WARN_RANGE_LOOP_ANALYSIS = YES;
				CLANG_WARN_STRICT_PROTOTYPES = YES;
				CLANG_WARN_SUSPICIOUS_MOVE = YES;
				CLANG_WARN_UNGUARDED_AVAILABILITY = YES_AGGRESSIVE;
				CLANG_WARN_UNREACHABLE_CODE = YES;
				CLANG_WARN__DUPLICATE_METHOD_MATCH = YES;
				COPY_PHASE_STRIP = NO;
				DEBUG_INFORMATION_FORMAT = dwarf;
				ENABLE_STRICT_OBJC_MSGSEND = YES;
				ENABLE_TESTABILITY = YES;
				GCC_C_LANGUAGE_STANDARD = gnu11;
				GCC_DYNAMIC_NO_PIC = NO;
				GCC_NO_COMMON_BLOCKS = YES;
				GCC_OPTIMIZATION_LEVEL = 0;
				GCC_PREPROCESSOR_DEFINITIONS = (
					"DEBUG=1",
					"$(inherited)",
				);
				GCC_WARN_64_TO_32_BIT_CONVERSION = YES;
				GCC_WARN_ABOUT_RETURN_TYPE = YES_ERROR;
				GCC_WARN_UNDECLARED_SELECTOR = YES;
				GCC_WARN_UNINITIALIZED_AUTOS = YES_AGGRESSIVE;
				GCC_WARN_UNUSED_FUNCTION = YES;
				GCC_WARN_UNUSED_VARIABLE = YES;
				MACOSX_DEPLOYMENT_TARGET = 11.6;
				MTL_ENABLE_DEBUG_INFO = INCLUDE_SOURCE;
				MTL_FAST_MATH = YES;
				ONLY_ACTIVE_ARCH = YES;
				SDKROOT = macosx;
				SWIFT_ACTIVE_COMPILATION_CONDITIONS = DEBUG;
				SWIFT_OPTIMIZATION_LEVEL = "-Onone";
			};
			name = Debug;
		};
		304A066C28E37CF6008B9A49 /* Release */ = {
			isa = XCBuildConfiguration;
			buildSettings = {
				ALWAYS_SEARCH_USER_PATHS = NO;
				CLANG_ANALYZER_NONNULL = YES;
				CLANG_ANALYZER_NUMBER_OBJECT_CONVERSION = YES_AGGRESSIVE;
				CLANG_CXX_LANGUAGE_STANDARD = "gnu++17";
				CLANG_CXX_LIBRARY = "libc++";
				CLANG_ENABLE_MODULES = YES;
				CLANG_ENABLE_OBJC_ARC = YES;
				CLANG_ENABLE_OBJC_WEAK = YES;
				CLANG_WARN_BLOCK_CAPTURE_AUTORELEASING = YES;
				CLANG_WARN_BOOL_CONVERSION = YES;
				CLANG_WARN_COMMA = YES;
				CLANG_WARN_CONSTANT_CONVERSION = YES;
				CLANG_WARN_DEPRECATED_OBJC_IMPLEMENTATIONS = YES;
				CLANG_WARN_DIRECT_OBJC_ISA_USAGE = YES_ERROR;
				CLANG_WARN_DOCUMENTATION_COMMENTS = YES;
				CLANG_WARN_EMPTY_BODY = YES;
				CLANG_WARN_ENUM_CONVERSION = YES;
				CLANG_WARN_INFINITE_RECURSION = YES;
				CLANG_WARN_INT_CONVERSION = YES;
				CLANG_WARN_NON_LITERAL_NULL_CONVERSION = YES;
				CLANG_WARN_OBJC_IMPLICIT_RETAIN_SELF = YES;
				CLANG_WARN_OBJC_LITERAL_CONVERSION = YES;
				CLANG_WARN_OBJC_ROOT_CLASS = YES_ERROR;
				CLANG_WARN_QUOTED_INCLUDE_IN_FRAMEWORK_HEADER = YES;
				CLANG_WARN_RANGE_LOOP_ANALYSIS = YES;
				CLANG_WARN_STRICT_PROTOTYPES = YES;
				CLANG_WARN_SUSPICIOUS_MOVE = YES;
				CLANG_WARN_UNGUARDED_AVAILABILITY = YES_AGGRESSIVE;
				CLANG_WARN_UNREACHABLE_CODE = YES;
				CLANG_WARN__DUPLICATE_METHOD_MATCH = YES;
				COPY_PHASE_STRIP = NO;
				DEBUG_INFORMATION_FORMAT = "dwarf-with-dsym";
				ENABLE_NS_ASSERTIONS = NO;
				ENABLE_STRICT_OBJC_MSGSEND = YES;
				GCC_C_LANGUAGE_STANDARD = gnu11;
				GCC_NO_COMMON_BLOCKS = YES;
				GCC_WARN_64_TO_32_BIT_CONVERSION = YES;
				GCC_WARN_ABOUT_RETURN_TYPE = YES_ERROR;
				GCC_WARN_UNDECLARED_SELECTOR = YES;
				GCC_WARN_UNINITIALIZED_AUTOS = YES_AGGRESSIVE;
				GCC_WARN_UNUSED_FUNCTION = YES;
				GCC_WARN_UNUSED_VARIABLE = YES;
				MACOSX_DEPLOYMENT_TARGET = 11.6;
				MTL_ENABLE_DEBUG_INFO = NO;
				MTL_FAST_MATH = YES;
				SDKROOT = macosx;
				SWIFT_COMPILATION_MODE = wholemodule;
				SWIFT_OPTIMIZATION_LEVEL = "-O";
			};
			name = Release;
		};
		304A066E28E37CF6008B9A49 /* Debug */ = {
			isa = XCBuildConfiguration;
			buildSettings = {
				CODE_SIGN_STYLE = Automatic;
				DEVELOPMENT_TEAM = 6X87BK799W;
				ENABLE_HARDENED_RUNTIME = YES;
				PRODUCT_NAME = "$(TARGET_NAME)";
				SWIFT_VERSION = 5.0;
			};
			name = Debug;
		};
		304A066F28E37CF6008B9A49 /* Release */ = {
			isa = XCBuildConfiguration;
			buildSettings = {
				CODE_SIGN_STYLE = Automatic;
				DEVELOPMENT_TEAM = 6X87BK799W;
				ENABLE_HARDENED_RUNTIME = YES;
				PRODUCT_NAME = "$(TARGET_NAME)";
				SWIFT_VERSION = 5.0;
			};
			name = Release;
		};
/* End XCBuildConfiguration section */

/* Begin XCConfigurationList section */
		304A066128E37CF6008B9A49 /* Build configuration list for PBXProject "SwiftDSAlgo" */ = {
			isa = XCConfigurationList;
			buildConfigurations = (
				304A066B28E37CF6008B9A49 /* Debug */,
				304A066C28E37CF6008B9A49 /* Release */,
			);
			defaultConfigurationIsVisible = 0;
			defaultConfigurationName = Release;
		};
		304A066D28E37CF6008B9A49 /* Build configuration list for PBXNativeTarget "SwiftDSAlgo" */ = {
			isa = XCConfigurationList;
			buildConfigurations = (
				304A066E28E37CF6008B9A49 /* Debug */,
				304A066F28E37CF6008B9A49 /* Release */,
			);
			defaultConfigurationIsVisible = 0;
			defaultConfigurationName = Release;
		};
/* End XCConfigurationList section */
	};
	rootObject = 304A065E28E37CF6008B9A49 /* Project object */;
}
